github.com/bloeys/assimp-go v0.4.2 h1:ArVK74BCFcTO/rCGj2NgZG9xtbjnJdEn5npIeJx1Z04=
github.com/bloeys/assimp-go v0.4.2/go.mod h1:my3yRxT7CfOztmvi+0svmwbaqw0KFrxaHxncoyaEIP0=
github.com/bloeys/gglm v0.3.1 h1:Sy9upW7SBsBfDXrSmEhid3aQ+7J7itej+upwcxOnPMQ=
github.com/bloeys/gglm v0.3.1/go.mod h1:qwJQ0WzV191wAMwlGicbfbChbKoSedMk7gFFX6GnyOk=
github.com/bloeys/gglm v0.41.10 h1:R9FMiI+VQVXAI+vDwCB7z9xqzy5VAR1657u8TQTDNKA=
github.com/bloeys/gglm v0.41.10/go.mod h1:qwJQ0WzV191wAMwlGicbfbChbKoSedMk7gFFX6GnyOk=
github.com/davecgh/go-spew v1.1.0 h1:ZDRjVQ15GmhC3fiQ8ni8+OwkZQO4DARzQgrnXU1Liz8=
github.com/davecgh/go-spew v1.1.0/go.mod h1:J7Y8YcW2NihsgmVo/mv3lAwl/skON4iLHjSsI+c5H38=
github.com/go-gl/gl v0.0.0-20211025173605-bda47ffaa784 h1:1Zi56D0LNfvkzM+BdoxKryvUEdyWO7LP8oRT+oSYJW0=
github.com/go-gl/gl v0.0.0-20211025173605-bda47ffaa784/go.mod h1:9YTyiznxEY1fVinfM7RvRcjRHbw2xLBJ3AAGIT0I4Nw=
github.com/inkyblackness/imgui-go/v4 v4.3.0 h1:iyAzqWXq/dG5+6ckDPhGivtrIo6AywGQMvENKzun04s=
github.com/inkyblackness/imgui-go/v4 v4.3.0/go.mod h1:g8SAGtOYUP7rYaOB2AsVKCEHmPMDmJKgt4z6d+flhb0=
github.com/inkyblackness/imgui-go/v4 v4.5.0 h1:iUon7q0Hr0c0/Gc2V6bTP7Anu9WH7H26dI7JkPBmMEA=
github.com/inkyblackness/imgui-go/v4 v4.5.0/go.mod h1:g8SAGtOYUP7rYaOB2AsVKCEHmPMDmJKgt4z6d+flhb0=
github.com/pmezard/go-difflib v1.0.0 h1:4DBwDE0NGyQoBHbLQYPwSUPoCMWR5BEzIk/f1lZbAQM=
github.com/pmezard/go-difflib v1.0.0/go.mod h1:iKH77koFhYxTK1pcRnkKkqfTogsbg7gZNVY4sRDYZ/4=
github.com/stretchr/objx v0.1.0/go.mod h1:HFkY916IF+rwdDfMAkV7OtwuqBVzrE8GR6GFx+wExME=
github.com/stretchr/testify v1.3.0 h1:TivCn/peBQ7UY8ooIcPgZFpTNSz0Q2U6UrFlUfqbe0Q=
github.com/stretchr/testify v1.3.0/go.mod h1:M5WIy9Dh21IEIfnGCwXGc5bZfKNJtfHm1UVUgZn+9EI=
github.com/veandco/go-sdl2 v0.4.10 h1:8QoD2bhWl7SbQDflIAUYWfl9Vq+mT8/boJFAUzAScgY=
github.com/veandco/go-sdl2 v0.4.10/go.mod h1:OROqMhHD43nT4/i9crJukyVecjPNYYuCofep6SNiAjY=
