github.com/bloeys/assimp-go v0.4.4 h1:Yn5e/RpE0Oes0YMBy8O7KkwAO4R/RpgrZPJCt08dVIU=
github.com/bloeys/assimp-go v0.4.4/go.mod h1:my3yRxT7CfOztmvi+0svmwbaqw0KFrxaHxncoyaEIP0=
github.com/bloeys/gglm v0.43.0 h1:ZpOghR3PHfpkigTDh+FqxLsF0gN8CD6s/bWoei6LyxI=
github.com/bloeys/gglm v0.43.0/go.mod h1:qwJQ0WzV191wAMwlGicbfbChbKoSedMk7gFFX6GnyOk=
github.com/bloeys/physx-go v0.2.0 h1:zsjskoPFlH7m8hKnlCsJ4hVKe8ys2s1fLEhcNDfofS4=
github.com/bloeys/physx-go v0.2.0/go.mod h1:YNt5tX4T8d/4RdldvpWc77DeHM4jqlIunUQUi/rqSKA=
github.com/davecgh/go-spew v1.1.0 h1:ZDRjVQ15GmhC3fiQ8ni8+OwkZQO4DARzQgrnXU1Liz8=
github.com/davecgh/go-spew v1.1.0/go.mod h1:J7Y8YcW2NihsgmVo/mv3lAwl/skON4iLHjSsI+c5H38=
github.com/go-gl/gl v0.0.0-20211210172815-726fda9656d6 h1:zDw5v7qm4yH7N8C8uWd+8Ii9rROdgWxQuGoJ9WDXxfk=
github.com/go-gl/gl v0.0.0-20211210172815-726fda9656d6/go.mod h1:9YTyiznxEY1fVinfM7RvRcjRHbw2xLBJ3AAGIT0I4Nw=
github.com/inkyblackness/imgui-go/v4 v4.6.0 h1:ShcnXEYl80+xREGBY9OpGWePA6FfJChY9Varsm+3jjE=
github.com/inkyblackness/imgui-go/v4 v4.6.0/go.mod h1:g8SAGtOYUP7rYaOB2AsVKCEHmPMDmJKgt4z6d+flhb0=
github.com/pmezard/go-difflib v1.0.0 h1:4DBwDE0NGyQoBHbLQYPwSUPoCMWR5BEzIk/f1lZbAQM=
github.com/pmezard/go-difflib v1.0.0/go.mod h1:iKH77koFhYxTK1pcRnkKkqfTogsbg7gZNVY4sRDYZ/4=
github.com/stretchr/objx v0.1.0/go.mod h1:HFkY916IF+rwdDfMAkV7OtwuqBVzrE8GR6GFx+wExME=
github.com/stretchr/testify v1.3.0 h1:TivCn/peBQ7UY8ooIcPgZFpTNSz0Q2U6UrFlUfqbe0Q=
github.com/stretchr/testify v1.3.0/go.mod h1:M5WIy9Dh21IEIfnGCwXGc5bZfKNJtfHm1UVUgZn+9EI=
github.com/veandco/go-sdl2 v0.4.25 h1:J5ac3KKOccp/0xGJA1PaNYKPUcZm19IxhDGs8lJofPI=
github.com/veandco/go-sdl2 v0.4.25/go.mod h1:OROqMhHD43nT4/i9crJukyVecjPNYYuCofep6SNiAjY=
